<?xml version="1.0" encoding="utf-8"?>
<Project ToolsVersion="4.0" xmlns="http://schemas.microsoft.com/developer/msbuild/2003">
  <ItemGroup>
    <Filter Include="Source Files">
      <UniqueIdentifier>{4FC737F1-C7A5-4376-A066-2A32D752A2FF}</UniqueIdentifier>
      <Extensions>cpp;c;cc;cxx;def;odl;idl;hpj;bat;asm;asmx</Extensions>
    </Filter>
    <Filter Include="Header Files">
      <UniqueIdentifier>{93995380-89BD-4B04-88EB-625FBE52EBFB}</UniqueIdentifier>
      <Extensions>h;hpp;hxx;hm;inl;inc;xsd</Extensions>
    </Filter>
    <Filter Include="Driver Files">
      <UniqueIdentifier>{8E41214B-6785-4CFE-B992-037D68949A14}</UniqueIdentifier>
      <Extensions>inf;inv;inx;mof;mc</Extensions>
    </Filter>
    <Filter Include="Source Files\net">
      <UniqueIdentifier>{9E3C528F-37D6-45E4-B7D0-B6807149C0D8}</UniqueIdentifier>
    </Filter>
    <Filter Include="Source Files\http">
      <UniqueIdentifier>{8C7D6B33-B850-4F04-9CC0-F6721F61B7DD}</UniqueIdentifier>
    </Filter>
    <Filter Include="Source Files\http2">
      <UniqueIdentifier>{9B7EAA2E-6E7E-4B4F-9B6C-28E4C0F3B2B5}</UniqueIdentifier>
    </Filter>
    <Filter Include="Source Files\crypto">
      <UniqueIdentifier>{1271C8D8-04BC-4EE0-9A2A-2C4D27E15DBD}</UniqueIdentifier>
    </Filter>
    <Filter Include="Source Files\tls">
      <UniqueIdentifier>{A48746E9-0E01-4F96-9B1D-1DE38B6C3D93}</UniqueIdentifier>
    </Filter>
    <Filter Include="Source Files\client">
      <UniqueIdentifier>{9D513525-581D-46E5-BCDB-B06F9F0FC8AA}</UniqueIdentifier>
    </Filter>
    <Filter Include="Source Files\samples">
      <UniqueIdentifier>{8A9E1C1B-5D97-456F-A1D7-7672B8577A2E}</UniqueIdentifier>
    </Filter>
    <Filter Include="Source Files\websocket">
      <UniqueIdentifier>{6113F4C7-2EF7-49AB-887E-77C9F19FAD29}</UniqueIdentifier>
    </Filter>
    <Filter Include="Source Files\api">
      <UniqueIdentifier>{8D47DFA0-8D10-4A7E-BD38-3EC67D48B7AA}</UniqueIdentifier>
    </Filter>
    <Filter Include="Header Files\net">
      <UniqueIdentifier>{F4EE822D-C34A-46DD-9A36-B44C7203571A}</UniqueIdentifier>
    </Filter>
    <Filter Include="Header Files\http">
      <UniqueIdentifier>{90686895-27C3-470B-B1FF-7CF9562088A3}</UniqueIdentifier>
    </Filter>
    <Filter Include="Header Files\http2">
      <UniqueIdentifier>{2E6B0494-D9B1-4D13-8E4E-5D6D67D1CF11}</UniqueIdentifier>
    </Filter>
    <Filter Include="Header Files\crypto">
      <UniqueIdentifier>{4F1C3587-045F-47F1-A184-706C5F0E2C2F}</UniqueIdentifier>
    </Filter>
    <Filter Include="Header Files\tls">
      <UniqueIdentifier>{72E92923-B8A6-4D62-B5E2-7D9103C96BA5}</UniqueIdentifier>
    </Filter>
    <Filter Include="Header Files\client">
      <UniqueIdentifier>{45F02825-5476-4470-A5E4-F08068A6F8FE}</UniqueIdentifier>
    </Filter>
    <Filter Include="Header Files\samples">
      <UniqueIdentifier>{92BC7FE4-D4E4-4266-86B2-A80B9EC98525}</UniqueIdentifier>
    </Filter>
    <Filter Include="Header Files\websocket">
      <UniqueIdentifier>{61867DA1-8B32-4F10-ABAF-FB3DF5C58664}</UniqueIdentifier>
    </Filter>
    <Filter Include="Header Files\api">
      <UniqueIdentifier>{A1A92D02-F456-4D36-963F-3B1C11323D37}</UniqueIdentifier>
    </Filter>
  </ItemGroup>
  <ItemGroup>
    <ClCompile Include="api\KernelHttpApi.cpp">
      <Filter>Source Files\api</Filter>
    </ClCompile>
    <ClCompile Include="api\KernelHttpAsync.cpp">
      <Filter>Source Files\api</Filter>
    </ClCompile>
    <ClCompile Include="api\KernelHttpConnectionPool.cpp">
      <Filter>Source Files\api</Filter>
    </ClCompile>
    <ClCompile Include="api\KernelHttpWorkspace.cpp">
      <Filter>Source Files\api</Filter>
    </ClCompile>
    <ClCompile Include="client\HttpClient.cpp">
      <Filter>Source Files\client</Filter>
    </ClCompile>
    <ClCompile Include="client\Http2Client.cpp">
      <Filter>Source Files\client</Filter>
    </ClCompile>
    <ClCompile Include="client\HttpsClient.cpp">
      <Filter>Source Files\client</Filter>
    </ClCompile>
    <ClCompile Include="client\WebSocketClient.cpp">
      <Filter>Source Files\client</Filter>
    </ClCompile>
    <ClCompile Include="crypto\CngProvider.cpp">
      <Filter>Source Files\crypto</Filter>
    </ClCompile>
    <ClCompile Include="crypto\CngProviderCache.cpp">
      <Filter>Source Files\crypto</Filter>
    </ClCompile>
    <ClCompile Include="DriverEntry.cpp">
      <Filter>Source Files</Filter>
    </ClCompile>
    <ClCompile Include="http\HttpParser.cpp">
      <Filter>Source Files\http</Filter>
    </ClCompile>
    <ClCompile Include="http\HttpContentEncoding.cpp">
      <Filter>Source Files\http</Filter>
    </ClCompile>
    <ClCompile Include="http\HttpRequest.cpp">
      <Filter>Source Files\http</Filter>
    </ClCompile>
    <ClCompile Include="http\HttpResponse.cpp">
      <Filter>Source Files\http</Filter>
    </ClCompile>
    <ClCompile Include="http\HttpTypes.cpp">
      <Filter>Source Files\http</Filter>
    </ClCompile>
    <ClCompile Include="http2\Hpack.cpp">
      <Filter>Source Files\http2</Filter>
    </ClCompile>
    <ClCompile Include="http2\Http2Connection.cpp">
      <Filter>Source Files\http2</Filter>
    </ClCompile>
    <ClCompile Include="http2\Http2Frame.cpp">
      <Filter>Source Files\http2</Filter>
    </ClCompile>
    <ClCompile Include="http2\Http2Stream.cpp">
      <Filter>Source Files\http2</Filter>
    </ClCompile>
    <ClCompile Include="net\WskClient.cpp">
      <Filter>Source Files\net</Filter>
    </ClCompile>
    <ClCompile Include="net\WskSocket.cpp">
      <Filter>Source Files\net</Filter>
    </ClCompile>
    <ClCompile Include="samples\HttpVerbSamples.cpp">
      <Filter>Source Files\samples</Filter>
    </ClCompile>
    <ClCompile Include="samples\HighLevelApiSamples.cpp">
      <Filter>Source Files\samples</Filter>
    </ClCompile>
    <ClCompile Include="samples\Http2VerbSamples.cpp">
      <Filter>Source Files\samples</Filter>
    </ClCompile>
    <ClCompile Include="tls\TlsContext.cpp">
      <Filter>Source Files\tls</Filter>
    </ClCompile>
    <ClCompile Include="tls\CertificateStore.cpp">
      <Filter>Source Files\tls</Filter>
    </ClCompile>
    <ClCompile Include="tls\CertificateValidator.cpp">
      <Filter>Source Files\tls</Filter>
    </ClCompile>
    <ClCompile Include="tls\TlsConnection.cpp">
      <Filter>Source Files\tls</Filter>
    </ClCompile>
    <ClCompile Include="tls\TlsHandshake12.cpp">
      <Filter>Source Files\tls</Filter>
    </ClCompile>
    <ClCompile Include="tls\TlsHandshake13.cpp">
      <Filter>Source Files\tls</Filter>
    </ClCompile>
    <ClCompile Include="tls\TlsRecord.cpp">
      <Filter>Source Files\tls</Filter>
    </ClCompile>
    <ClCompile Include="websocket\WebSocketFrame.cpp">
      <Filter>Source Files\websocket</Filter>
    </ClCompile>
  </ItemGroup>
  <ItemGroup>
    <ClInclude Include="api\KernelHttpApi.h">
      <Filter>Header Files\api</Filter>
    </ClInclude>
    <ClInclude Include="api\KernelHttpAsync.h">
      <Filter>Header Files\api</Filter>
    </ClInclude>
    <ClInclude Include="api\KernelHttpConnectionPool.h">
      <Filter>Header Files\api</Filter>
    </ClInclude>
    <ClInclude Include="api\KernelHttpWorkspace.h">
      <Filter>Header Files\api</Filter>
    </ClInclude>
    <ClInclude Include="client\HttpClient.h">
      <Filter>Header Files\client</Filter>
    </ClInclude>
    <ClInclude Include="client\Http2Client.h">
      <Filter>Header Files\client</Filter>
    </ClInclude>
    <ClInclude Include="client\HttpsClient.h">
      <Filter>Header Files\client</Filter>
    </ClInclude>
    <ClInclude Include="client\WebSocketClient.h">
      <Filter>Header Files\client</Filter>
    </ClInclude>
    <ClInclude Include="crypto\CngProvider.h">
      <Filter>Header Files\crypto</Filter>
    </ClInclude>
    <ClInclude Include="crypto\CngProviderCache.h">
      <Filter>Header Files\crypto</Filter>
    </ClInclude>
    <ClInclude Include="http\HttpParser.h">
      <Filter>Header Files\http</Filter>
    </ClInclude>
    <ClInclude Include="http\HttpContentEncoding.h">
      <Filter>Header Files\http</Filter>
    </ClInclude>
    <ClInclude Include="http\HttpRequest.h">
      <Filter>Header Files\http</Filter>
    </ClInclude>
    <ClInclude Include="http\HttpResponse.h">
      <Filter>Header Files\http</Filter>
    </ClInclude>
    <ClInclude Include="http\HttpTypes.h">
      <Filter>Header Files\http</Filter>
    </ClInclude>
    <ClInclude Include="http2\Hpack.h">
      <Filter>Header Files\http2</Filter>
    </ClInclude>
    <ClInclude Include="http2\HpackHuffman.h">
      <Filter>Header Files\http2</Filter>
    </ClInclude>
    <ClInclude Include="http2\HpackStaticTable.h">
      <Filter>Header Files\http2</Filter>
    </ClInclude>
    <ClInclude Include="http2\Http2Connection.h">
      <Filter>Header Files\http2</Filter>
    </ClInclude>
    <ClInclude Include="http2\Http2Frame.h">
      <Filter>Header Files\http2</Filter>
    </ClInclude>
    <ClInclude Include="http2\Http2Stream.h">
      <Filter>Header Files\http2</Filter>
    </ClInclude>
    <ClInclude Include="KernelHttpConfig.h">
      <Filter>Header Files</Filter>
    </ClInclude>
    <ClInclude Include="net\WskBuffer.h">
      <Filter>Header Files\net</Filter>
    </ClInclude>
    <ClInclude Include="net\WskClient.h">
      <Filter>Header Files\net</Filter>
    </ClInclude>
    <ClInclude Include="net\WskSocket.h">
      <Filter>Header Files\net</Filter>
    </ClInclude>
    <ClInclude Include="samples\HttpVerbSamples.h">
      <Filter>Header Files\samples</Filter>
    </ClInclude>
    <ClInclude Include="samples\HighLevelApiSamples.h">
      <Filter>Header Files\samples</Filter>
    </ClInclude>
    <ClInclude Include="samples\Http2VerbSamples.h">
      <Filter>Header Files\samples</Filter>
    </ClInclude>
    <ClInclude Include="tls\TlsContext.h">
      <Filter>Header Files\tls</Filter>
    </ClInclude>
    <ClInclude Include="tls\CertificateStore.h">
      <Filter>Header Files\tls</Filter>
    </ClInclude>
    <ClInclude Include="tls\CertificateValidator.h">
      <Filter>Header Files\tls</Filter>
    </ClInclude>
    <ClInclude Include="tls\TlsConnection.h">
      <Filter>Header Files\tls</Filter>
    </ClInclude>
    <ClInclude Include="tls\TlsHandshake12.h">
      <Filter>Header Files\tls</Filter>
    </ClInclude>
    <ClInclude Include="tls\TlsHandshake13.h">
      <Filter>Header Files\tls</Filter>
    </ClInclude>
    <ClInclude Include="tls\TlsRecord.h">
      <Filter>Header Files\tls</Filter>
    </ClInclude>
    <ClInclude Include="websocket\WebSocketFrame.h">
      <Filter>Header Files\websocket</Filter>
    </ClInclude>
  </ItemGroup>
  <ItemGroup>
    <Inf Include="KernelHttp.inf">
      <Filter>Driver Files</Filter>
    </Inf>
  </ItemGroup>
</Project>
