Microsoft Visual Studio Solution File, Format Version 12.00
# Visual Studio Version 17
VisualStudioVersion = 17.0.31903.59
MinimumVisualStudioVersion = 10.0.40219.1
Project("{8BC9CEB8-8B4A-11D0-8D11-00A0C91BC942}") = "wknetlib", "src\wknetlib\wknetlib.vcxproj", "{2F05C2F0-8C5F-4B05-B0D9-F72F40E1D5D6}"
EndProject
Project("{8BC9CEB8-8B4A-11D0-8D11-00A0C91BC942}") = "wknettest", "src\wknettest\wknettest.vcxproj", "{8A1D1794-6FC3-4F17-BC7C-7151C6E5D08A}"
	ProjectSection(ProjectDependencies) = postProject
		{2F05C2F0-8C5F-4B05-B0D9-F72F40E1D5D6} = {2F05C2F0-8C5F-4B05-B0D9-F72F40E1D5D6}
	EndProjectSection
EndProject
Global
	GlobalSection(SolutionConfigurationPlatforms) = preSolution
		Debug|ARM64 = Debug|ARM64
		Debug|x64 = Debug|x64
		Release|ARM64 = Release|ARM64
		Release|x64 = Release|x64
	EndGlobalSection
	GlobalSection(ProjectConfigurationPlatforms) = postSolution
		{2F05C2F0-8C5F-4B05-B0D9-F72F40E1D5D6}.Debug|ARM64.ActiveCfg = Debug|ARM64
		{2F05C2F0-8C5F-4B05-B0D9-F72F40E1D5D6}.Debug|ARM64.Build.0 = Debug|ARM64
		{2F05C2F0-8C5F-4B05-B0D9-F72F40E1D5D6}.Debug|x64.ActiveCfg = Debug|x64
		{2F05C2F0-8C5F-4B05-B0D9-F72F40E1D5D6}.Debug|x64.Build.0 = Debug|x64
		{2F05C2F0-8C5F-4B05-B0D9-F72F40E1D5D6}.Release|ARM64.ActiveCfg = Release|ARM64
		{2F05C2F0-8C5F-4B05-B0D9-F72F40E1D5D6}.Release|ARM64.Build.0 = Release|ARM64
		{2F05C2F0-8C5F-4B05-B0D9-F72F40E1D5D6}.Release|x64.ActiveCfg = Release|x64
		{2F05C2F0-8C5F-4B05-B0D9-F72F40E1D5D6}.Release|x64.Build.0 = Release|x64
		{8A1D1794-6FC3-4F17-BC7C-7151C6E5D08A}.Debug|ARM64.ActiveCfg = Debug|ARM64
		{8A1D1794-6FC3-4F17-BC7C-7151C6E5D08A}.Debug|ARM64.Build.0 = Debug|ARM64
		{8A1D1794-6FC3-4F17-BC7C-7151C6E5D08A}.Debug|x64.ActiveCfg = Debug|x64
		{8A1D1794-6FC3-4F17-BC7C-7151C6E5D08A}.Debug|x64.Build.0 = Debug|x64
		{8A1D1794-6FC3-4F17-BC7C-7151C6E5D08A}.Release|ARM64.ActiveCfg = Release|ARM64
		{8A1D1794-6FC3-4F17-BC7C-7151C6E5D08A}.Release|ARM64.Build.0 = Release|ARM64
		{8A1D1794-6FC3-4F17-BC7C-7151C6E5D08A}.Release|x64.ActiveCfg = Release|x64
		{8A1D1794-6FC3-4F17-BC7C-7151C6E5D08A}.Release|x64.Build.0 = Release|x64
	EndGlobalSection
	GlobalSection(SolutionProperties) = preSolution
		HideSolutionNode = FALSE
	EndGlobalSection
	GlobalSection(ExtensibilityGlobals) = postSolution
		SolutionGuid = {3B9F1806-29CF-4C23-8F18-3A879348F8BC}
	EndGlobalSection
EndGlobal
