<?xml version="1.0" encoding="utf-8"?>
<Project ToolsVersion="4.0" xmlns="http://schemas.microsoft.com/developer/msbuild/2003">
  <ItemGroup>
    <Filter Include="Source Files">
      <UniqueIdentifier>{4FC737F1-C7A5-4376-A066-2A32D752A2FF}</UniqueIdentifier>
      <Extensions>cpp;c;cc;cxx;def;odl;idl;hpj;bat;asm;asmx</Extensions>
    </Filter>
    <Filter Include="Header Files">
      <UniqueIdentifier>{93995380-89BD-4B04-88EB-625FBE52EBFB}</UniqueIdentifier>
      <Extensions>h;hpp;hxx;hm;inl;inc;xsd</Extensions>
    </Filter>
    <Filter Include="Driver Files">
      <UniqueIdentifier>{8E41214B-6785-4CFE-B992-037D68949A14}</UniqueIdentifier>
      <Extensions>inf;inv;inx;mof;mc</Extensions>
    </Filter>
    <Filter Include="Source Files\samples">
      <UniqueIdentifier>{8A9E1C1B-5D97-456F-A1D7-7672B8577A2E}</UniqueIdentifier>
    </Filter>
    <Filter Include="Header Files\samples">
      <UniqueIdentifier>{92BC7FE4-D4E4-4266-86B2-A80B9EC98525}</UniqueIdentifier>
    </Filter>
    <Filter Include="Source Files\harness">
      <UniqueIdentifier>{B2C0E8A1-4F3D-4A91-9C2E-1D5F6A7B8C9D}</UniqueIdentifier>
    </Filter>
    <Filter Include="Header Files\harness">
      <UniqueIdentifier>{C3D1F9B2-5E4E-4B02-AD3F-2E6G7B8C9D0E}</UniqueIdentifier>
    </Filter>
  </ItemGroup>
  <ItemGroup>
    <ClCompile Include="DriverEntry.cpp">
      <Filter>Source Files</Filter>
    </ClCompile>
    <ClCompile Include="wknettestLog.cpp">
      <Filter>Source Files</Filter>
    </ClCompile>
    <ClCompile Include="harness\KernelTestHarness.cpp">
      <Filter>Source Files\harness</Filter>
    </ClCompile>
    <ClCompile Include="harness\KernelFunctionalSuite.cpp">
      <Filter>Source Files\harness</Filter>
    </ClCompile>
    <ClCompile Include="harness\KernelStressSuite.cpp">
      <Filter>Source Files\harness</Filter>
    </ClCompile>
    <ClCompile Include="harness\KernelConcurrencySuite.cpp">
      <Filter>Source Files\harness</Filter>
    </ClCompile>
    <ClCompile Include="samples\AdvancedScenarioSamples.cpp">
      <Filter>Source Files\samples</Filter>
    </ClCompile>
    <ClCompile Include="samples\ExternalTrustStore.cpp">
      <Filter>Source Files\samples</Filter>
    </ClCompile>
    <ClCompile Include="samples\HighLevelApiSamples.cpp">
      <Filter>Source Files\samples</Filter>
    </ClCompile>
    <ClCompile Include="samples\Http3ApiSamples.cpp">
      <Filter>Source Files\samples</Filter>
    </ClCompile>
    <ClCompile Include="samples\HttpApiSamples.cpp">
      <Filter>Source Files\samples</Filter>
    </ClCompile>
  </ItemGroup>
  <ItemGroup>
    <ClInclude Include="..\..\include\wknet\Wknet.h">
      <Filter>Header Files</Filter>
    </ClInclude>
    <ClInclude Include="..\..\include\wknettest\SampleStatus.h">
      <Filter>Header Files\samples</Filter>
    </ClInclude>
    <ClInclude Include="WknetTestLog.h">
      <Filter>Header Files</Filter>
    </ClInclude>
    <ClInclude Include="harness\KernelTestTypes.h">
      <Filter>Header Files\harness</Filter>
    </ClInclude>
    <ClInclude Include="harness\KernelTestHarness.h">
      <Filter>Header Files\harness</Filter>
    </ClInclude>
    <ClInclude Include="harness\KernelFunctionalSuite.h">
      <Filter>Header Files\harness</Filter>
    </ClInclude>
    <ClInclude Include="harness\KernelStressSuite.h">
      <Filter>Header Files\harness</Filter>
    </ClInclude>
    <ClInclude Include="harness\KernelConcurrencySuite.h">
      <Filter>Header Files\harness</Filter>
    </ClInclude>
    <ClInclude Include="samples\AdvancedScenarioSamples.h">
      <Filter>Header Files\samples</Filter>
    </ClInclude>
    <ClInclude Include="samples\ExternalTrustStore.h">
      <Filter>Header Files\samples</Filter>
    </ClInclude>
    <ClInclude Include="samples\HighLevelApiSamples.h">
      <Filter>Header Files\samples</Filter>
    </ClInclude>
    <ClInclude Include="samples\Http3ApiSamples.h">
      <Filter>Header Files\samples</Filter>
    </ClInclude>
    <ClInclude Include="samples\HttpApiSamples.h">
      <Filter>Header Files\samples</Filter>
    </ClInclude>
  </ItemGroup>
  <ItemGroup>
    <Inf Include="wknettest.inf">
      <Filter>Driver Files</Filter>
    </Inf>
  </ItemGroup>
  <ItemGroup>
    <None Include="..\..\tests\tls_interop_matrix_tests.cpp">
      <Filter>Source Files</Filter>
    </None>
    <None Include="..\..\tests\integration\tls_matrix.ps1">
      <Filter>Driver Files</Filter>
    </None>
  </ItemGroup>
</Project>
