<?xml version="1.0" encoding="utf-8"?>
<Project ToolsVersion="4.0" xmlns="http://schemas.microsoft.com/developer/msbuild/2003">
  <ItemGroup>
    <Filter Include="Source Files">
      <UniqueIdentifier>{4FC737F1-C7A5-4376-A066-2A32D752A2FF}</UniqueIdentifier>
      <Extensions>cpp;c;cc;cxx;def;odl;idl;hpj;bat;asm;asmx</Extensions>
    </Filter>
    <Filter Include="Header Files">
      <UniqueIdentifier>{93995380-89BD-4B04-88EB-625FBE52EBFB}</UniqueIdentifier>
      <Extensions>h;hpp;hxx;hm;inl;inc;xsd</Extensions>
    </Filter>
    <Filter Include="Source Files\core">
      <UniqueIdentifier>{A82F2D68-30B8-4A4F-B2CF-6AB8E4F3D153}</UniqueIdentifier>
    </Filter>
    <Filter Include="Source Files\transport">
      <UniqueIdentifier>{5ED5144B-99DA-4E3F-93B2-1AB467B69242}</UniqueIdentifier>
    </Filter>
    <Filter Include="Source Files\crypto">
      <UniqueIdentifier>{1271C8D8-04BC-4EE0-9A2A-2C4D27E15DBD}</UniqueIdentifier>
    </Filter>
    <Filter Include="Source Files\codec">
      <UniqueIdentifier>{6D49644A-BF9C-45DF-BF1A-79664D3CF875}</UniqueIdentifier>
    </Filter>
    <Filter Include="Source Files\engine">
      <UniqueIdentifier>{8D47DFA0-8D10-4A7E-BD38-3EC67D48B7AA}</UniqueIdentifier>
    </Filter>
    <Filter Include="Source Files\http">
      <UniqueIdentifier>{8C7D6B33-B850-4F04-9CC0-F6721F61B7DD}</UniqueIdentifier>
    </Filter>
    <Filter Include="Source Files\http2">
      <UniqueIdentifier>{9B7EAA2E-6E7E-4B4F-9B6C-28E4C0F3B2B5}</UniqueIdentifier>
    </Filter>
    <Filter Include="Source Files\http_api">
      <UniqueIdentifier>{C8A1D720-C92E-4E2F-91A4-3F4B9C73C0FA}</UniqueIdentifier>
    </Filter>
    <Filter Include="Source Files\net">
      <UniqueIdentifier>{9E3C528F-37D6-45E4-B7D0-B6807149C0D8}</UniqueIdentifier>
    </Filter>
    <Filter Include="Source Files\tls">
      <UniqueIdentifier>{A48746E9-0E01-4F96-9B1D-1DE38B6C3D93}</UniqueIdentifier>
    </Filter>
    <Filter Include="Source Files\websocket">
      <UniqueIdentifier>{6113F4C7-2EF7-49AB-887E-77C9F19FAD29}</UniqueIdentifier>
    </Filter>
    <Filter Include="Source Files\third_party\brotli">
      <UniqueIdentifier>{A961B65D-115E-44B3-9E77-3B8D9751446C}</UniqueIdentifier>
    </Filter>
    <Filter Include="Header Files\core">
      <UniqueIdentifier>{1CCEF3A8-5E95-4D78-A8E5-5F055A3A9A37}</UniqueIdentifier>
    </Filter>
    <Filter Include="Header Files\crypto">
      <UniqueIdentifier>{4F1C3587-045F-47F1-A184-706C5F0E2C2F}</UniqueIdentifier>
    </Filter>
    <Filter Include="Header Files\codec">
      <UniqueIdentifier>{B5C7E381-5DCB-4AE7-BDEE-865A4EFB1229}</UniqueIdentifier>
    </Filter>
    <Filter Include="Header Files\engine">
      <UniqueIdentifier>{A1A92D02-F456-4D36-963F-3B1C11323D37}</UniqueIdentifier>
    </Filter>
    <Filter Include="Header Files\http">
      <UniqueIdentifier>{90686895-27C3-470B-B1FF-7CF9562088A3}</UniqueIdentifier>
    </Filter>
    <Filter Include="Header Files\http2">
      <UniqueIdentifier>{2E6B0494-D9B1-4D13-8E4E-5D6D67D1CF11}</UniqueIdentifier>
    </Filter>
    <Filter Include="Header Files\http">
      <UniqueIdentifier>{D9B2E831-DA3F-4F30-A2B5-405C0D84D1FB}</UniqueIdentifier>
    </Filter>
    <Filter Include="Header Files\websocket">
      <UniqueIdentifier>{C1083AE5-F39A-4B5C-9E2B-A0C9B2F91841}</UniqueIdentifier>
    </Filter>
    <Filter Include="Header Files\net">
      <UniqueIdentifier>{F4EE822D-C34A-46DD-9A36-B44C7203571A}</UniqueIdentifier>
    </Filter>
    <Filter Include="Header Files\tls">
      <UniqueIdentifier>{72E92923-B8A6-4D62-B5E2-7D9103C96BA5}</UniqueIdentifier>
    </Filter>
    <Filter Include="Header Files\websocket">
      <UniqueIdentifier>{61867DA1-8B32-4F10-ABAF-FB3DF5C58664}</UniqueIdentifier>
    </Filter>
  </ItemGroup>
  <ItemGroup>
    <ClCompile Include="codec\Codec.cpp">
      <Filter>Source Files\codec</Filter>
    </ClCompile>
    <ClCompile Include="rtl\Trace.cpp">
      <Filter>Source Files</Filter>
    </ClCompile>
    <ClCompile Include="rtl\Text.cpp">
      <Filter>Source Files</Filter>
    </ClCompile>
    <ClCompile Include="WknetConfig.cpp">
      <Filter>Source Files</Filter>
    </ClCompile>
    <ClCompile Include="session\Http2RequestBuilder.cpp">
      <Filter>Source Files\session</Filter>
    </ClCompile>
    <ClCompile Include="session\WsConnection.cpp">
      <Filter>Source Files\engine</Filter>
    </ClCompile>
    <ClCompile Include="transport\Transport.cpp">
      <Filter>Source Files\transport</Filter>
    </ClCompile>
    <ClCompile Include="transport\TransportWsk.cpp">
      <Filter>Source Files\transport</Filter>
    </ClCompile>
    <ClCompile Include="transport\ProxyConnect.cpp">
      <Filter>Source Files\transport</Filter>
    </ClCompile>
    <ClCompile Include="crypto\Aead.cpp">
      <Filter>Source Files\crypto</Filter>
    </ClCompile>
    <ClCompile Include="crypto\CngProvider.cpp">
      <Filter>Source Files\crypto</Filter>
    </ClCompile>
    <ClCompile Include="crypto\CngProviderCache.cpp">
      <Filter>Source Files\crypto</Filter>
    </ClCompile>
    <ClCompile Include="crypto\Ed25519.cpp">
      <Filter>Source Files\crypto</Filter>
    </ClCompile>
    <ClCompile Include="crypto\Ed448.cpp">
      <Filter>Source Files\crypto</Filter>
    </ClCompile>
    <ClCompile Include="crypto\KeyExchange.cpp">
      <Filter>Source Files\crypto</Filter>
    </ClCompile>
    <ClCompile Include="session\EngineAsyncApi.cpp">
      <Filter>Source Files\engine</Filter>
    </ClCompile>
    <ClCompile Include="session\EngineHandleOps.cpp">
      <Filter>Source Files\engine</Filter>
    </ClCompile>
    <ClCompile Include="session\EngineHandleTable.cpp">
      <Filter>Source Files\engine</Filter>
    </ClCompile>
    <ClCompile Include="session\EngineRequestStorage.cpp">
      <Filter>Source Files\engine</Filter>
    </ClCompile>
    <ClCompile Include="session\EngineResponseStorage.cpp">
      <Filter>Source Files\engine</Filter>
    </ClCompile>
    <ClCompile Include="session\EngineTestHooks.cpp">
      <Filter>Source Files\engine</Filter>
    </ClCompile>
    <ClCompile Include="session\EngineValidation.cpp">
      <Filter>Source Files\engine</Filter>
    </ClCompile>
    <ClCompile Include="session\EngineWebSocketStorage.cpp">
      <Filter>Source Files\engine</Filter>
    </ClCompile>
    <ClCompile Include="session\RequestApi.cpp">
      <Filter>Source Files\engine</Filter>
    </ClCompile>
    <ClCompile Include="session\ResponseApi.cpp">
      <Filter>Source Files\engine</Filter>
    </ClCompile>
    <ClCompile Include="session\SessionLife.cpp">
      <Filter>Source Files\engine</Filter>
    </ClCompile>
    <ClCompile Include="session\HttpH1Dispatch.cpp">
      <Filter>Source Files\engine</Filter>
    </ClCompile>
    <ClCompile Include="session\HttpH2Dispatch.cpp">
      <Filter>Source Files\engine</Filter>
    </ClCompile>
    <ClCompile Include="session\HttpProxy.cpp">
      <Filter>Source Files\engine</Filter>
    </ClCompile>
    <ClCompile Include="session\HttpRedirect.cpp">
      <Filter>Source Files\engine</Filter>
    </ClCompile>
    <ClCompile Include="session\HttpResponseHandling.cpp">
      <Filter>Source Files\engine</Filter>
    </ClCompile>
    <ClCompile Include="session\HttpRoute.cpp">
      <Filter>Source Files\engine</Filter>
    </ClCompile>
    <ClCompile Include="session\HttpSend.cpp">
      <Filter>Source Files\engine</Filter>
    </ClCompile>
    <ClCompile Include="session\HttpTransportDispatch.cpp">
      <Filter>Source Files\engine</Filter>
    </ClCompile>
    <ClCompile Include="session\HttpCache.cpp">
      <Filter>Source Files\engine</Filter>
    </ClCompile>
    <ClCompile Include="rtl\UrlParser.cpp">
      <Filter>Source Files\engine</Filter>
    </ClCompile>
    <ClCompile Include="session\WsAsyncApi.cpp">
      <Filter>Source Files\engine</Filter>
    </ClCompile>
    <ClCompile Include="session\WsClose.cpp">
      <Filter>Source Files\engine</Filter>
    </ClCompile>
    <ClCompile Include="session\WsConnect.cpp">
      <Filter>Source Files\engine</Filter>
    </ClCompile>
    <ClCompile Include="session\WsControl.cpp">
      <Filter>Source Files\engine</Filter>
    </ClCompile>
    <ClCompile Include="session\WsHandshake.cpp">
      <Filter>Source Files\engine</Filter>
    </ClCompile>
    <ClCompile Include="session\WsPublicApi.cpp">
      <Filter>Source Files\engine</Filter>
    </ClCompile>
    <ClCompile Include="session\WsReceive.cpp">
      <Filter>Source Files\engine</Filter>
    </ClCompile>
    <ClCompile Include="session\WsSendData.cpp">
      <Filter>Source Files\engine</Filter>
    </ClCompile>
    <ClCompile Include="session\Async.cpp">
      <Filter>Source Files\engine</Filter>
    </ClCompile>
    <ClCompile Include="session\ConnectionPool.cpp">
      <Filter>Source Files\engine</Filter>
    </ClCompile>
    <ClCompile Include="session\Workspace.cpp">
      <Filter>Source Files\engine</Filter>
    </ClCompile>
    <ClCompile Include="http1\HttpContentEncoding.cpp">
      <Filter>Source Files\http</Filter>
    </ClCompile>
    <ClCompile Include="codec\ContentCoding.cpp">
      <Filter>Source Files\codec</Filter>
    </ClCompile>
    <ClCompile Include="codec\ExiDecoder.cpp">
      <Filter>Source Files\codec</Filter>
    </ClCompile>
    <ClCompile Include="codec\ExiEventReader.cpp">
      <Filter>Source Files\codec</Filter>
    </ClCompile>
    <ClCompile Include="codec\ExiGrammar.cpp">
      <Filter>Source Files\codec</Filter>
    </ClCompile>
    <ClCompile Include="codec\ExiGrammarTable.cpp">
      <Filter>Source Files\codec</Filter>
    </ClCompile>
    <ClCompile Include="codec\ExiOptions.cpp">
      <Filter>Source Files\codec</Filter>
    </ClCompile>
    <ClCompile Include="codec\ExiQNameReader.cpp">
      <Filter>Source Files\codec</Filter>
    </ClCompile>
    <ClCompile Include="codec\ExiStringTable.cpp">
      <Filter>Source Files\codec</Filter>
    </ClCompile>
    <ClCompile Include="codec\ExiValueDecoder.cpp">
      <Filter>Source Files\codec</Filter>
    </ClCompile>
    <ClCompile Include="codec\Pack200BandCodec.cpp">
      <Filter>Source Files\codec</Filter>
    </ClCompile>
    <ClCompile Include="codec\Pack200AttributeLayout.cpp">
      <Filter>Source Files\codec</Filter>
    </ClCompile>
    <ClCompile Include="codec\Pack200BandParser.cpp">
      <Filter>Source Files\codec</Filter>
    </ClCompile>
    <ClCompile Include="codec\Pack200Bands.cpp">
      <Filter>Source Files\codec</Filter>
    </ClCompile>
    <ClCompile Include="codec\Pack200ClassWriter.cpp">
      <Filter>Source Files\codec</Filter>
    </ClCompile>
    <ClCompile Include="codec\Pack200Codec.cpp">
      <Filter>Source Files\codec</Filter>
    </ClCompile>
    <ClCompile Include="codec\Pack200Decoder.cpp">
      <Filter>Source Files\codec</Filter>
    </ClCompile>
    <ClCompile Include="codec\Pack200JarWriter.cpp">
      <Filter>Source Files\codec</Filter>
    </ClCompile>
    <ClCompile Include="codec\XmlWriter.cpp">
      <Filter>Source Files\codec</Filter>
    </ClCompile>
    <ClCompile Include="http1\HttpCachePolicy.cpp">
      <Filter>Source Files\http</Filter>
    </ClCompile>
    <ClCompile Include="http1\HttpParser.cpp">
      <Filter>Source Files\http</Filter>
    </ClCompile>
    <ClCompile Include="http1\HttpRequest.cpp">
      <Filter>Source Files\http</Filter>
    </ClCompile>
    <ClCompile Include="http1\HttpResponse.cpp">
      <Filter>Source Files\http</Filter>
    </ClCompile>
    <ClCompile Include="http1\HttpTransferCoding.cpp">
      <Filter>Source Files\http</Filter>
    </ClCompile>
    <ClCompile Include="http1\HttpTypes.cpp">
      <Filter>Source Files\http</Filter>
    </ClCompile>
    <ClCompile Include="http2\Hpack.cpp">
      <Filter>Source Files\http2</Filter>
    </ClCompile>
    <ClCompile Include="http2\Http2Connection.cpp">
      <Filter>Source Files\http2</Filter>
    </ClCompile>
    <ClCompile Include="http2\Http2Frame.cpp">
      <Filter>Source Files\http2</Filter>
    </ClCompile>
    <ClCompile Include="http2\Http2Stream.cpp">
      <Filter>Source Files\http2</Filter>
    </ClCompile>
    <ClCompile Include="http_api\AsyncOp.cpp">
      <Filter>Source Files\http_api</Filter>
    </ClCompile>
    <ClCompile Include="http_api\Body.cpp">
      <Filter>Source Files\http_api</Filter>
    </ClCompile>
    <ClCompile Include="http_api\Cache.cpp">
      <Filter>Source Files\http_api</Filter>
    </ClCompile>
    <ClCompile Include="http_api\Certificate.cpp">
      <Filter>Source Files\http_api</Filter>
    </ClCompile>
    <ClCompile Include="http_api\Headers.cpp">
      <Filter>Source Files\http_api</Filter>
    </ClCompile>
    <ClCompile Include="http_api\Http.cpp">
      <Filter>Source Files\http_api</Filter>
    </ClCompile>
    <ClCompile Include="http_api\HttpAsync.cpp">
      <Filter>Source Files\http_api</Filter>
    </ClCompile>
    <ClCompile Include="http_api\Test.cpp">
      <Filter>Source Files\http_api</Filter>
    </ClCompile>
    <ClCompile Include="http_api\Lifecycle.cpp">
      <Filter>Source Files\http_api</Filter>
    </ClCompile>
    <ClCompile Include="http_api\Options.cpp">
      <Filter>Source Files\http_api</Filter>
    </ClCompile>
    <ClCompile Include="http_api\Request.cpp">
      <Filter>Source Files\http_api</Filter>
    </ClCompile>
    <ClCompile Include="http_api\Response.cpp">
      <Filter>Source Files\http_api</Filter>
    </ClCompile>
    <ClCompile Include="http_api\Session.cpp">
      <Filter>Source Files\http_api</Filter>
    </ClCompile>
    <ClCompile Include="http_api\WebSocket.cpp">
      <Filter>Source Files\http_api</Filter>
    </ClCompile>
    <ClCompile Include="net\WskClient.cpp">
      <Filter>Source Files\net</Filter>
    </ClCompile>
    <ClCompile Include="net\WskDatagramSocket.cpp">
      <Filter>Source Files\net</Filter>
    </ClCompile>
    <ClCompile Include="net\WskSocket.cpp">
      <Filter>Source Files\net</Filter>
    </ClCompile>
    <ClCompile Include="crypto\PacketProtectionPrimitives.cpp">
      <Filter>Source Files\crypto</Filter>
    </ClCompile>
    <ClCompile Include="quic\QuicAttemptValidation.cpp"><Filter>Source Files\quic</Filter></ClCompile>
    <ClCompile Include="quic\QuicAckTracker.cpp"><Filter>Source Files\quic</Filter></ClCompile>
    <ClCompile Include="quic\QuicClock.cpp"><Filter>Source Files\quic</Filter></ClCompile>
    <ClCompile Include="quic\QuicCongestion.cpp"><Filter>Source Files\quic</Filter></ClCompile>
    <ClCompile Include="quic\QuicConnection.cpp"><Filter>Source Files\quic</Filter></ClCompile>
    <ClCompile Include="quic\QuicCrypto.cpp"><Filter>Source Files\quic</Filter></ClCompile>
    <ClCompile Include="quic\QuicFlowControl.cpp"><Filter>Source Files\quic</Filter></ClCompile>
    <ClCompile Include="quic\QuicFrame.cpp"><Filter>Source Files\quic</Filter></ClCompile>
    <ClCompile Include="quic\QuicPacket.cpp"><Filter>Source Files\quic</Filter></ClCompile>
    <ClCompile Include="quic\QuicRecovery.cpp"><Filter>Source Files\quic</Filter></ClCompile>
    <ClCompile Include="quic\QuicStream.cpp"><Filter>Source Files\quic</Filter></ClCompile>
    <ClCompile Include="quic\QuicTls.cpp"><Filter>Source Files\quic</Filter></ClCompile>
    <ClCompile Include="quic\QuicTokenCache.cpp"><Filter>Source Files\quic</Filter></ClCompile>
    <ClCompile Include="quic\QuicTransportParameters.cpp"><Filter>Source Files\quic</Filter></ClCompile>
    <ClCompile Include="quic\QuicVarInt.cpp"><Filter>Source Files\quic</Filter></ClCompile>
    <ClCompile Include="tls\TlsContext.cpp">
      <Filter>Source Files\tls</Filter>
    </ClCompile>
    <ClCompile Include="tls\CertificateStore.cpp">
      <Filter>Source Files\tls</Filter>
    </ClCompile>
    <ClCompile Include="tls\CertificateValidator.cpp">
      <Filter>Source Files\tls</Filter>
    </ClCompile>
    <ClCompile Include="tls\TlsCapabilities.cpp">
      <Filter>Source Files\tls</Filter>
    </ClCompile>
    <ClCompile Include="tls\TlsConnect12.cpp">
      <Filter>Source Files\tls</Filter>
    </ClCompile>
    <ClCompile Include="tls\TlsConnect13.cpp">
      <Filter>Source Files\tls</Filter>
    </ClCompile>
    <ClCompile Include="tls\TlsConnection.cpp">
      <Filter>Source Files\tls</Filter>
    </ClCompile>
    <ClCompile Include="tls\TlsHandshake12.cpp">
      <Filter>Source Files\tls</Filter>
    </ClCompile>
    <ClCompile Include="tls\Tls13HandshakeMessages.cpp">
      <Filter>Source Files\tls</Filter>
    </ClCompile>
    <ClCompile Include="tls\Tls13KeySchedule.cpp">
      <Filter>Source Files\tls</Filter>
    </ClCompile>
    <ClCompile Include="tls\TlsTranscriptHash.cpp">
      <Filter>Source Files\tls</Filter>
    </ClCompile>
    <ClCompile Include="tls\TlsPolicy.cpp">
      <Filter>Source Files\tls</Filter>
    </ClCompile>
    <ClCompile Include="tls\TlsPostHandshake.cpp">
      <Filter>Source Files\tls</Filter>
    </ClCompile>
    <ClCompile Include="tls\TlsRecord.cpp">
      <Filter>Source Files\tls</Filter>
    </ClCompile>
    <ClCompile Include="tls\TlsRecordIo.cpp">
      <Filter>Source Files\tls</Filter>
    </ClCompile>
    <ClCompile Include="ws\WebSocketDeflate.cpp">
      <Filter>Source Files\websocket</Filter>
    </ClCompile>
    <ClCompile Include="ws\WebSocketFrame.cpp">
      <Filter>Source Files\websocket</Filter>
    </ClCompile>
    <ClCompile Include="..\..\third_party\brotli\c\common\constants.c">
      <Filter>Source Files\third_party\brotli</Filter>
    </ClCompile>
    <ClCompile Include="..\..\third_party\brotli\c\common\context.c">
      <Filter>Source Files\third_party\brotli</Filter>
    </ClCompile>
    <ClCompile Include="..\..\third_party\brotli\c\common\dictionary.c">
      <Filter>Source Files\third_party\brotli</Filter>
    </ClCompile>
    <ClCompile Include="..\..\third_party\brotli\c\common\platform.c">
      <Filter>Source Files\third_party\brotli</Filter>
    </ClCompile>
    <ClCompile Include="..\..\third_party\brotli\c\common\shared_dictionary.c">
      <Filter>Source Files\third_party\brotli</Filter>
    </ClCompile>
    <ClCompile Include="..\..\third_party\brotli\c\common\transform.c">
      <Filter>Source Files\third_party\brotli</Filter>
    </ClCompile>
    <ClCompile Include="..\..\third_party\brotli\c\dec\bit_reader.c">
      <Filter>Source Files\third_party\brotli</Filter>
    </ClCompile>
    <ClCompile Include="..\..\third_party\brotli\c\dec\decode.c">
      <Filter>Source Files\third_party\brotli</Filter>
    </ClCompile>
    <ClCompile Include="..\..\third_party\brotli\c\dec\huffman.c">
      <Filter>Source Files\third_party\brotli</Filter>
    </ClCompile>
    <ClCompile Include="..\..\third_party\brotli\c\dec\prefix.c">
      <Filter>Source Files\third_party\brotli</Filter>
    </ClCompile>
    <ClCompile Include="..\..\third_party\brotli\c\dec\state.c">
      <Filter>Source Files\third_party\brotli</Filter>
    </ClCompile>
    <ClCompile Include="..\..\third_party\brotli\c\dec\static_init.c">
      <Filter>Source Files\third_party\brotli</Filter>
    </ClCompile>
  </ItemGroup>
  <ItemGroup>
    <ClInclude Include="..\..\include\wknet\Wknet.h">
      <Filter>Header Files</Filter>
    </ClInclude>
    <ClInclude Include="..\..\include\wknet\WknetConfig.h">
      <Filter>Header Files</Filter>
    </ClInclude>
    <ClInclude Include="session\Http2RequestBuilder.h">
      <Filter>Header Files\session</Filter>
    </ClInclude>
    <ClInclude Include="session\WsConnection.h">
      <Filter>Header Files\engine</Filter>
    </ClInclude>
    <ClInclude Include="..\..\include\wknet\crypto\Aead.h">
      <Filter>Header Files\crypto</Filter>
    </ClInclude>
    <ClInclude Include="..\..\include\wknet\crypto\CngProvider.h">
      <Filter>Header Files\crypto</Filter>
    </ClInclude>
    <ClInclude Include="..\..\include\wknet\crypto\CngProviderCache.h">
      <Filter>Header Files\crypto</Filter>
    </ClInclude>
    <ClInclude Include="..\..\include\wknet\crypto\Ed25519.h">
      <Filter>Header Files\crypto</Filter>
    </ClInclude>
    <ClInclude Include="..\..\include\wknet\crypto\Ed448.h">
      <Filter>Header Files\crypto</Filter>
    </ClInclude>
    <ClInclude Include="..\..\include\wknet\crypto\KeyExchange.h">
      <Filter>Header Files\crypto</Filter>
    </ClInclude>
    <ClInclude Include="session\EnginePrivate.hpp">
      <Filter>Header Files\engine</Filter>
    </ClInclude>
    <ClInclude Include="session\ConnectionPoolPrivate.hpp">
      <Filter>Header Files\engine</Filter>
    </ClInclude>
    <ClInclude Include="transport\Transport.h">
      <Filter>Header Files\core</Filter>
    </ClInclude>
    <ClInclude Include="transport\TransportPrivate.hpp">
      <Filter>Header Files\core</Filter>
    </ClInclude>
    <ClInclude Include="net\WskClientPrivate.hpp">
      <Filter>Header Files\net</Filter>
    </ClInclude>
    <ClInclude Include="net\WskDatagramSocket.h">
      <Filter>Header Files\net</Filter>
    </ClInclude>
    <ClInclude Include="net\WskDatagramSocketPrivate.hpp">
      <Filter>Header Files\net</Filter>
    </ClInclude>
    <ClInclude Include="net\WskSocketPrivate.hpp">
      <Filter>Header Files\net</Filter>
    </ClInclude>
    <ClInclude Include="crypto\PacketProtectionPrimitives.h"><Filter>Header Files\crypto</Filter></ClInclude>
    <ClInclude Include="quic\QuicAttemptValidation.h"><Filter>Header Files\quic</Filter></ClInclude>
    <ClInclude Include="quic\QuicAckTracker.h"><Filter>Header Files\quic</Filter></ClInclude>
    <ClInclude Include="quic\QuicClock.h"><Filter>Header Files\quic</Filter></ClInclude>
    <ClInclude Include="quic\QuicCongestion.h"><Filter>Header Files\quic</Filter></ClInclude>
    <ClInclude Include="quic\QuicConnection.h"><Filter>Header Files\quic</Filter></ClInclude>
    <ClInclude Include="quic\QuicConnectionPrivate.hpp"><Filter>Header Files\quic</Filter></ClInclude>
    <ClInclude Include="quic\QuicCrypto.h"><Filter>Header Files\quic</Filter></ClInclude>
    <ClInclude Include="quic\QuicFlowControl.h"><Filter>Header Files\quic</Filter></ClInclude>
    <ClInclude Include="quic\QuicFrame.h"><Filter>Header Files\quic</Filter></ClInclude>
    <ClInclude Include="quic\QuicPacket.h"><Filter>Header Files\quic</Filter></ClInclude>
    <ClInclude Include="quic\QuicRecovery.h"><Filter>Header Files\quic</Filter></ClInclude>
    <ClInclude Include="quic\QuicStream.h"><Filter>Header Files\quic</Filter></ClInclude>
    <ClInclude Include="quic\QuicTls.h"><Filter>Header Files\quic</Filter></ClInclude>
    <ClInclude Include="quic\QuicTokenCache.h"><Filter>Header Files\quic</Filter></ClInclude>
    <ClInclude Include="quic\QuicTransportParameters.h"><Filter>Header Files\quic</Filter></ClInclude>
    <ClInclude Include="quic\QuicTypes.h"><Filter>Header Files\quic</Filter></ClInclude>
    <ClInclude Include="quic\QuicVarInt.h"><Filter>Header Files\quic</Filter></ClInclude>
    <ClInclude Include="http2\Http2ConnectionPrivate.hpp">
      <Filter>Header Files\http2</Filter>
    </ClInclude>
    <ClInclude Include="tls\TlsConnectionPrivate.hpp">
      <Filter>Header Files\tls</Filter>
    </ClInclude>
    <ClInclude Include="session\HttpEngineInternal.hpp">
      <Filter>Header Files\engine</Filter>
    </ClInclude>
    <ClInclude Include="session\WsEngineInternal.hpp">
      <Filter>Header Files\engine</Filter>
    </ClInclude>
    <ClInclude Include="codec\ContentCoding.h">
      <Filter>Header Files\codec</Filter>
    </ClInclude>
    <ClInclude Include="codec\CodecInternal.h">
      <Filter>Header Files\codec</Filter>
    </ClInclude>
    <ClInclude Include="codec\ExiDecoder.h">
      <Filter>Header Files\codec</Filter>
    </ClInclude>
    <ClInclude Include="codec\DeflateDecoder.h">
      <Filter>Header Files\codec</Filter>
    </ClInclude>
    <ClInclude Include="codec\ExiEventReader.h">
      <Filter>Header Files\codec</Filter>
    </ClInclude>
    <ClInclude Include="codec\ExiGrammar.h">
      <Filter>Header Files\codec</Filter>
    </ClInclude>
    <ClInclude Include="codec\ExiGrammarTable.h">
      <Filter>Header Files\codec</Filter>
    </ClInclude>
    <ClInclude Include="codec\ExiOptions.h">
      <Filter>Header Files\codec</Filter>
    </ClInclude>
    <ClInclude Include="codec\ExiQNameReader.h">
      <Filter>Header Files\codec</Filter>
    </ClInclude>
    <ClInclude Include="codec\ExiStringTable.h">
      <Filter>Header Files\codec</Filter>
    </ClInclude>
    <ClInclude Include="codec\ExiValueDecoder.h">
      <Filter>Header Files\codec</Filter>
    </ClInclude>
    <ClInclude Include="codec\Pack200BandCodec.h">
      <Filter>Header Files\codec</Filter>
    </ClInclude>
    <ClInclude Include="codec\Pack200AttributeLayout.h">
      <Filter>Header Files\codec</Filter>
    </ClInclude>
    <ClInclude Include="codec\Pack200BandParser.h">
      <Filter>Header Files\codec</Filter>
    </ClInclude>
    <ClInclude Include="codec\Pack200Bands.h">
      <Filter>Header Files\codec</Filter>
    </ClInclude>
    <ClInclude Include="codec\Pack200ClassWriter.h">
      <Filter>Header Files\codec</Filter>
    </ClInclude>
    <ClInclude Include="codec\Pack200Codec.h">
      <Filter>Header Files\codec</Filter>
    </ClInclude>
    <ClInclude Include="codec\Pack200Decoder.h">
      <Filter>Header Files\codec</Filter>
    </ClInclude>
    <ClInclude Include="codec\Pack200JarWriter.h">
      <Filter>Header Files\codec</Filter>
    </ClInclude>
    <ClInclude Include="codec\XmlWriter.h">
      <Filter>Header Files\codec</Filter>
    </ClInclude>
    <ClInclude Include="rtl\Text.h">
      <Filter>Header Files</Filter>
    </ClInclude>
    <ClInclude Include="rtl\TraceInternal.h">
      <Filter>Header Files</Filter>
    </ClInclude>
    <ClInclude Include="..\..\include\wknet\http\AsyncOp.h">
      <Filter>Header Files\http</Filter>
    </ClInclude>
    <ClInclude Include="..\..\include\wknet\http\Body.h">
      <Filter>Header Files\http</Filter>
    </ClInclude>
    <ClInclude Include="..\..\include\wknet\http\Cache.h">
      <Filter>Header Files\http</Filter>
    </ClInclude>
    <ClInclude Include="..\..\include\wknet\http\Headers.h">
      <Filter>Header Files\http</Filter>
    </ClInclude>
    <ClInclude Include="..\..\include\wknet\http\Http.h">
      <Filter>Header Files\http</Filter>
    </ClInclude>
    <ClInclude Include="..\..\include\wknet\http\HttpAsync.h">
      <Filter>Header Files\http</Filter>
    </ClInclude>
    <ClInclude Include="..\..\include\wknet\http\Options.h">
      <Filter>Header Files\http</Filter>
    </ClInclude>
    <ClInclude Include="..\..\include\wknet\http\Request.h">
      <Filter>Header Files\http</Filter>
    </ClInclude>
    <ClInclude Include="..\..\include\wknet\http\Response.h">
      <Filter>Header Files\http</Filter>
    </ClInclude>
    <ClInclude Include="..\..\include\wknet\http\Session.h">
      <Filter>Header Files\http</Filter>
    </ClInclude>
    <ClInclude Include="..\..\include\wknet\http\Types.h">
      <Filter>Header Files\http</Filter>
    </ClInclude>
    <ClInclude Include="tls\CertificateStore.h">
      <Filter>Header Files\tls</Filter>
    </ClInclude>
    <ClInclude Include="tls\Tls13HandshakeMessages.h">
      <Filter>Header Files\tls</Filter>
    </ClInclude>
    <ClInclude Include="tls\Tls13KeySchedule.h">
      <Filter>Header Files\tls</Filter>
    </ClInclude>
    <ClInclude Include="tls\TlsConnectionInternal.hpp">
      <Filter>Header Files\tls</Filter>
    </ClInclude>
    <ClInclude Include="tls\TlsHandshake13.h">
      <Filter>Header Files\tls</Filter>
    </ClInclude>
    <ClInclude Include="tls\TlsTranscriptHash.h">
      <Filter>Header Files\tls</Filter>
    </ClInclude>
  </ItemGroup>
</Project>
