<?xml version="1.0" encoding="utf-8"?>
<Project ToolsVersion="4.0" xmlns="http://schemas.microsoft.com/developer/msbuild/2003">
  <ItemGroup>
    <Filter Include="Source Files">
      <UniqueIdentifier>{4FC737F1-C7A5-4376-A066-2A32D752A2FF}</UniqueIdentifier>
      <Extensions>cpp;c;cc;cxx;def;odl;idl;hpj;bat;asm;asmx</Extensions>
    </Filter>
    <Filter Include="Header Files">
      <UniqueIdentifier>{93995380-89BD-4B04-88EB-625FBE52EBFB}</UniqueIdentifier>
      <Extensions>h;hpp;hxx;hm;inl;inc;xsd</Extensions>
    </Filter>
    <Filter Include="Source Files\client">
      <UniqueIdentifier>{9D513525-581D-46E5-BCDB-B06F9F0FC8AA}</UniqueIdentifier>
    </Filter>
    <Filter Include="Source Files\core">
      <UniqueIdentifier>{A82F2D68-30B8-4A4F-B2CF-6AB8E4F3D153}</UniqueIdentifier>
    </Filter>
    <Filter Include="Source Files\crypto">
      <UniqueIdentifier>{1271C8D8-04BC-4EE0-9A2A-2C4D27E15DBD}</UniqueIdentifier>
    </Filter>
    <Filter Include="Source Files\engine">
      <UniqueIdentifier>{8D47DFA0-8D10-4A7E-BD38-3EC67D48B7AA}</UniqueIdentifier>
    </Filter>
    <Filter Include="Source Files\http">
      <UniqueIdentifier>{8C7D6B33-B850-4F04-9CC0-F6721F61B7DD}</UniqueIdentifier>
    </Filter>
    <Filter Include="Source Files\http2">
      <UniqueIdentifier>{9B7EAA2E-6E7E-4B4F-9B6C-28E4C0F3B2B5}</UniqueIdentifier>
    </Filter>
    <Filter Include="Source Files\khttp">
      <UniqueIdentifier>{C8A1D720-C92E-4E2F-91A4-3F4B9C73C0FA}</UniqueIdentifier>
    </Filter>
    <Filter Include="Source Files\net">
      <UniqueIdentifier>{9E3C528F-37D6-45E4-B7D0-B6807149C0D8}</UniqueIdentifier>
    </Filter>
    <Filter Include="Source Files\tls">
      <UniqueIdentifier>{A48746E9-0E01-4F96-9B1D-1DE38B6C3D93}</UniqueIdentifier>
    </Filter>
    <Filter Include="Source Files\websocket">
      <UniqueIdentifier>{6113F4C7-2EF7-49AB-887E-77C9F19FAD29}</UniqueIdentifier>
    </Filter>
    <Filter Include="Source Files\third_party\brotli">
      <UniqueIdentifier>{A961B65D-115E-44B3-9E77-3B8D9751446C}</UniqueIdentifier>
    </Filter>
    <Filter Include="Header Files\client">
      <UniqueIdentifier>{45F02825-5476-4470-A5E4-F08068A6F8FE}</UniqueIdentifier>
    </Filter>
    <Filter Include="Header Files\core">
      <UniqueIdentifier>{1CCEF3A8-5E95-4D78-A8E5-5F055A3A9A37}</UniqueIdentifier>
    </Filter>
    <Filter Include="Header Files\crypto">
      <UniqueIdentifier>{4F1C3587-045F-47F1-A184-706C5F0E2C2F}</UniqueIdentifier>
    </Filter>
    <Filter Include="Header Files\engine">
      <UniqueIdentifier>{A1A92D02-F456-4D36-963F-3B1C11323D37}</UniqueIdentifier>
    </Filter>
    <Filter Include="Header Files\http">
      <UniqueIdentifier>{90686895-27C3-470B-B1FF-7CF9562088A3}</UniqueIdentifier>
    </Filter>
    <Filter Include="Header Files\http2">
      <UniqueIdentifier>{2E6B0494-D9B1-4D13-8E4E-5D6D67D1CF11}</UniqueIdentifier>
    </Filter>
    <Filter Include="Header Files\khttp">
      <UniqueIdentifier>{D9B2E831-DA3F-4F30-A2B5-405C0D84D1FB}</UniqueIdentifier>
    </Filter>
    <Filter Include="Header Files\net">
      <UniqueIdentifier>{F4EE822D-C34A-46DD-9A36-B44C7203571A}</UniqueIdentifier>
    </Filter>
    <Filter Include="Header Files\tls">
      <UniqueIdentifier>{72E92923-B8A6-4D62-B5E2-7D9103C96BA5}</UniqueIdentifier>
    </Filter>
    <Filter Include="Header Files\websocket">
      <UniqueIdentifier>{61867DA1-8B32-4F10-ABAF-FB3DF5C58664}</UniqueIdentifier>
    </Filter>
  </ItemGroup>
  <ItemGroup>
    <ClCompile Include="KernelHttpConfig.cpp">
      <Filter>Source Files</Filter>
    </ClCompile>
    <ClCompile Include="client\HttpClient.cpp">
      <Filter>Source Files\client</Filter>
    </ClCompile>
    <ClCompile Include="client\Http2Client.cpp">
      <Filter>Source Files\client</Filter>
    </ClCompile>
    <ClCompile Include="client\HttpsClient.cpp">
      <Filter>Source Files\client</Filter>
    </ClCompile>
    <ClCompile Include="client\WebSocketClient.cpp">
      <Filter>Source Files\client</Filter>
    </ClCompile>
    <ClCompile Include="core\TlsTransport.cpp">
      <Filter>Source Files\core</Filter>
    </ClCompile>
    <ClCompile Include="crypto\CngProvider.cpp">
      <Filter>Source Files\crypto</Filter>
    </ClCompile>
    <ClCompile Include="crypto\CngProviderCache.cpp">
      <Filter>Source Files\crypto</Filter>
    </ClCompile>
    <ClCompile Include="engine\Engine.cpp">
      <Filter>Source Files\engine</Filter>
    </ClCompile>
    <ClCompile Include="engine\HttpEngine.cpp">
      <Filter>Source Files\engine</Filter>
    </ClCompile>
    <ClCompile Include="engine\UrlParser.cpp">
      <Filter>Source Files\engine</Filter>
    </ClCompile>
    <ClCompile Include="engine\WsEngine.cpp">
      <Filter>Source Files\engine</Filter>
    </ClCompile>
    <ClCompile Include="engine\Async.cpp">
      <Filter>Source Files\engine</Filter>
    </ClCompile>
    <ClCompile Include="engine\ConnectionPool.cpp">
      <Filter>Source Files\engine</Filter>
    </ClCompile>
    <ClCompile Include="engine\Workspace.cpp">
      <Filter>Source Files\engine</Filter>
    </ClCompile>
    <ClCompile Include="http\HttpContentEncoding.cpp">
      <Filter>Source Files\http</Filter>
    </ClCompile>
    <ClCompile Include="http\HttpParser.cpp">
      <Filter>Source Files\http</Filter>
    </ClCompile>
    <ClCompile Include="http\HttpRequest.cpp">
      <Filter>Source Files\http</Filter>
    </ClCompile>
    <ClCompile Include="http\HttpResponse.cpp">
      <Filter>Source Files\http</Filter>
    </ClCompile>
    <ClCompile Include="http\HttpTypes.cpp">
      <Filter>Source Files\http</Filter>
    </ClCompile>
    <ClCompile Include="http2\Hpack.cpp">
      <Filter>Source Files\http2</Filter>
    </ClCompile>
    <ClCompile Include="http2\Http2Connection.cpp">
      <Filter>Source Files\http2</Filter>
    </ClCompile>
    <ClCompile Include="http2\Http2Frame.cpp">
      <Filter>Source Files\http2</Filter>
    </ClCompile>
    <ClCompile Include="http2\Http2Stream.cpp">
      <Filter>Source Files\http2</Filter>
    </ClCompile>
    <ClCompile Include="khttp\AsyncOp.cpp">
      <Filter>Source Files\khttp</Filter>
    </ClCompile>
    <ClCompile Include="khttp\Http.cpp">
      <Filter>Source Files\khttp</Filter>
    </ClCompile>
    <ClCompile Include="khttp\HttpAsync.cpp">
      <Filter>Source Files\khttp</Filter>
    </ClCompile>
    <ClCompile Include="khttp\Khttp.cpp">
      <Filter>Source Files\khttp</Filter>
    </ClCompile>
    <ClCompile Include="khttp\Request.cpp">
      <Filter>Source Files\khttp</Filter>
    </ClCompile>
    <ClCompile Include="khttp\Response.cpp">
      <Filter>Source Files\khttp</Filter>
    </ClCompile>
    <ClCompile Include="khttp\Session.cpp">
      <Filter>Source Files\khttp</Filter>
    </ClCompile>
    <ClCompile Include="khttp\WebSocket.cpp">
      <Filter>Source Files\khttp</Filter>
    </ClCompile>
    <ClCompile Include="net\WskClient.cpp">
      <Filter>Source Files\net</Filter>
    </ClCompile>
    <ClCompile Include="net\WskSocket.cpp">
      <Filter>Source Files\net</Filter>
    </ClCompile>
    <ClCompile Include="tls\TlsContext.cpp">
      <Filter>Source Files\tls</Filter>
    </ClCompile>
    <ClCompile Include="tls\CertificateStore.cpp">
      <Filter>Source Files\tls</Filter>
    </ClCompile>
    <ClCompile Include="tls\CertificateValidator.cpp">
      <Filter>Source Files\tls</Filter>
    </ClCompile>
    <ClCompile Include="tls\TlsConnection.cpp">
      <Filter>Source Files\tls</Filter>
    </ClCompile>
    <ClCompile Include="tls\TlsHandshake12.cpp">
      <Filter>Source Files\tls</Filter>
    </ClCompile>
    <ClCompile Include="tls\TlsHandshake13.cpp">
      <Filter>Source Files\tls</Filter>
    </ClCompile>
    <ClCompile Include="tls\TlsRecord.cpp">
      <Filter>Source Files\tls</Filter>
    </ClCompile>
    <ClCompile Include="websocket\WebSocketFrame.cpp">
      <Filter>Source Files\websocket</Filter>
    </ClCompile>
    <ClCompile Include="..\..\third_party\brotli\c\common\constants.c">
      <Filter>Source Files\third_party\brotli</Filter>
    </ClCompile>
    <ClCompile Include="..\..\third_party\brotli\c\common\context.c">
      <Filter>Source Files\third_party\brotli</Filter>
    </ClCompile>
    <ClCompile Include="..\..\third_party\brotli\c\common\dictionary.c">
      <Filter>Source Files\third_party\brotli</Filter>
    </ClCompile>
    <ClCompile Include="..\..\third_party\brotli\c\common\platform.c">
      <Filter>Source Files\third_party\brotli</Filter>
    </ClCompile>
    <ClCompile Include="..\..\third_party\brotli\c\common\shared_dictionary.c">
      <Filter>Source Files\third_party\brotli</Filter>
    </ClCompile>
    <ClCompile Include="..\..\third_party\brotli\c\common\transform.c">
      <Filter>Source Files\third_party\brotli</Filter>
    </ClCompile>
    <ClCompile Include="..\..\third_party\brotli\c\dec\bit_reader.c">
      <Filter>Source Files\third_party\brotli</Filter>
    </ClCompile>
    <ClCompile Include="..\..\third_party\brotli\c\dec\decode.c">
      <Filter>Source Files\third_party\brotli</Filter>
    </ClCompile>
    <ClCompile Include="..\..\third_party\brotli\c\dec\huffman.c">
      <Filter>Source Files\third_party\brotli</Filter>
    </ClCompile>
    <ClCompile Include="..\..\third_party\brotli\c\dec\prefix.c">
      <Filter>Source Files\third_party\brotli</Filter>
    </ClCompile>
    <ClCompile Include="..\..\third_party\brotli\c\dec\state.c">
      <Filter>Source Files\third_party\brotli</Filter>
    </ClCompile>
    <ClCompile Include="..\..\third_party\brotli\c\dec\static_init.c">
      <Filter>Source Files\third_party\brotli</Filter>
    </ClCompile>
  </ItemGroup>
  <ItemGroup>
    <ClInclude Include="..\..\include\KernelHttp\KernelHttp.h">
      <Filter>Header Files</Filter>
    </ClInclude>
    <ClInclude Include="..\..\include\KernelHttp\KernelHttpConfig.h">
      <Filter>Header Files</Filter>
    </ClInclude>
    <ClInclude Include="..\..\include\KernelHttp\client\HttpClient.h">
      <Filter>Header Files\client</Filter>
    </ClInclude>
    <ClInclude Include="..\..\include\KernelHttp\client\Http2Client.h">
      <Filter>Header Files\client</Filter>
    </ClInclude>
    <ClInclude Include="..\..\include\KernelHttp\client\HttpsClient.h">
      <Filter>Header Files\client</Filter>
    </ClInclude>
    <ClInclude Include="..\..\include\KernelHttp\client\WebSocketClient.h">
      <Filter>Header Files\client</Filter>
    </ClInclude>
    <ClInclude Include="..\..\include\KernelHttp\core\IScratchAllocator.h">
      <Filter>Header Files\core</Filter>
    </ClInclude>
    <ClInclude Include="..\..\include\KernelHttp\core\ITransport.h">
      <Filter>Header Files\core</Filter>
    </ClInclude>
    <ClInclude Include="..\..\include\KernelHttp\core\TlsTransport.h">
      <Filter>Header Files\core</Filter>
    </ClInclude>
    <ClInclude Include="..\..\include\KernelHttp\core\WorkspaceScratchAllocator.h">
      <Filter>Header Files\core</Filter>
    </ClInclude>
    <ClInclude Include="..\..\include\KernelHttp\core\WskTransport.h">
      <Filter>Header Files\core</Filter>
    </ClInclude>
    <ClInclude Include="..\..\include\KernelHttp\crypto\CngProvider.h">
      <Filter>Header Files\crypto</Filter>
    </ClInclude>
    <ClInclude Include="..\..\include\KernelHttp\crypto\CngProviderCache.h">
      <Filter>Header Files\crypto</Filter>
    </ClInclude>
    <ClInclude Include="..\..\include\KernelHttp\engine\Engine.h">
      <Filter>Header Files\engine</Filter>
    </ClInclude>
    <ClInclude Include="..\..\include\KernelHttp\engine\EngineImpl.h">
      <Filter>Header Files\engine</Filter>
    </ClInclude>
    <ClInclude Include="..\..\include\KernelHttp\engine\EngineInternal.h">
      <Filter>Header Files\engine</Filter>
    </ClInclude>
    <ClInclude Include="..\..\include\KernelHttp\engine\EngineUtils.h">
      <Filter>Header Files\engine</Filter>
    </ClInclude>
    <ClInclude Include="..\..\include\KernelHttp\engine\HandleAlloc.h">
      <Filter>Header Files\engine</Filter>
    </ClInclude>
    <ClInclude Include="..\..\include\KernelHttp\engine\HandleTypes.h">
      <Filter>Header Files\engine</Filter>
    </ClInclude>
    <ClInclude Include="..\..\include\KernelHttp\engine\HttpEngine.h">
      <Filter>Header Files\engine</Filter>
    </ClInclude>
    <ClInclude Include="..\..\include\KernelHttp\engine\UrlParser.h">
      <Filter>Header Files\engine</Filter>
    </ClInclude>
    <ClInclude Include="..\..\include\KernelHttp\engine\WsEngine.h">
      <Filter>Header Files\engine</Filter>
    </ClInclude>
    <ClInclude Include="..\..\include\KernelHttp\engine\Async.h">
      <Filter>Header Files\engine</Filter>
    </ClInclude>
    <ClInclude Include="..\..\include\KernelHttp\engine\ConnectionPool.h">
      <Filter>Header Files\engine</Filter>
    </ClInclude>
    <ClInclude Include="..\..\include\KernelHttp\engine\Workspace.h">
      <Filter>Header Files\engine</Filter>
    </ClInclude>
    <ClInclude Include="..\..\include\KernelHttp\http\HttpContentEncoding.h">
      <Filter>Header Files\http</Filter>
    </ClInclude>
    <ClInclude Include="..\..\include\KernelHttp\http\HttpParser.h">
      <Filter>Header Files\http</Filter>
    </ClInclude>
    <ClInclude Include="..\..\include\KernelHttp\http\HttpRequest.h">
      <Filter>Header Files\http</Filter>
    </ClInclude>
    <ClInclude Include="..\..\include\KernelHttp\http\HttpResponse.h">
      <Filter>Header Files\http</Filter>
    </ClInclude>
    <ClInclude Include="..\..\include\KernelHttp\http\HttpTypes.h">
      <Filter>Header Files\http</Filter>
    </ClInclude>
    <ClInclude Include="..\..\include\KernelHttp\http2\Hpack.h">
      <Filter>Header Files\http2</Filter>
    </ClInclude>
    <ClInclude Include="..\..\include\KernelHttp\http2\HpackHuffman.h">
      <Filter>Header Files\http2</Filter>
    </ClInclude>
    <ClInclude Include="..\..\include\KernelHttp\http2\HpackStaticTable.h">
      <Filter>Header Files\http2</Filter>
    </ClInclude>
    <ClInclude Include="..\..\include\KernelHttp\http2\Http2Connection.h">
      <Filter>Header Files\http2</Filter>
    </ClInclude>
    <ClInclude Include="..\..\include\KernelHttp\http2\Http2Frame.h">
      <Filter>Header Files\http2</Filter>
    </ClInclude>
    <ClInclude Include="..\..\include\KernelHttp\http2\Http2Stream.h">
      <Filter>Header Files\http2</Filter>
    </ClInclude>
    <ClInclude Include="..\..\include\KernelHttp\khttp\AsyncOp.h">
      <Filter>Header Files\khttp</Filter>
    </ClInclude>
    <ClInclude Include="..\..\include\KernelHttp\khttp\Detail.h">
      <Filter>Header Files\khttp</Filter>
    </ClInclude>
    <ClInclude Include="..\..\include\KernelHttp\khttp\Http.h">
      <Filter>Header Files\khttp</Filter>
    </ClInclude>
    <ClInclude Include="..\..\include\KernelHttp\khttp\HttpAsync.h">
      <Filter>Header Files\khttp</Filter>
    </ClInclude>
    <ClInclude Include="..\..\include\KernelHttp\khttp\Request.h">
      <Filter>Header Files\khttp</Filter>
    </ClInclude>
    <ClInclude Include="..\..\include\KernelHttp\khttp\Response.h">
      <Filter>Header Files\khttp</Filter>
    </ClInclude>
    <ClInclude Include="..\..\include\KernelHttp\khttp\Session.h">
      <Filter>Header Files\khttp</Filter>
    </ClInclude>
    <ClInclude Include="..\..\include\KernelHttp\khttp\Test.h">
      <Filter>Header Files\khttp</Filter>
    </ClInclude>
    <ClInclude Include="..\..\include\KernelHttp\khttp\Types.h">
      <Filter>Header Files\khttp</Filter>
    </ClInclude>
    <ClInclude Include="..\..\include\KernelHttp\khttp\WebSocket.h">
      <Filter>Header Files\khttp</Filter>
    </ClInclude>
    <ClInclude Include="..\..\include\KernelHttp\net\WskBuffer.h">
      <Filter>Header Files\net</Filter>
    </ClInclude>
    <ClInclude Include="..\..\include\KernelHttp\net\WskClient.h">
      <Filter>Header Files\net</Filter>
    </ClInclude>
    <ClInclude Include="..\..\include\KernelHttp\net\WskSocket.h">
      <Filter>Header Files\net</Filter>
    </ClInclude>
    <ClInclude Include="..\..\include\KernelHttp\tls\TlsContext.h">
      <Filter>Header Files\tls</Filter>
    </ClInclude>
    <ClInclude Include="..\..\include\KernelHttp\tls\CertificateStore.h">
      <Filter>Header Files\tls</Filter>
    </ClInclude>
    <ClInclude Include="..\..\include\KernelHttp\tls\CertificateValidator.h">
      <Filter>Header Files\tls</Filter>
    </ClInclude>
    <ClInclude Include="..\..\include\KernelHttp\tls\TlsConnection.h">
      <Filter>Header Files\tls</Filter>
    </ClInclude>
    <ClInclude Include="..\..\include\KernelHttp\tls\TlsHandshake12.h">
      <Filter>Header Files\tls</Filter>
    </ClInclude>
    <ClInclude Include="..\..\include\KernelHttp\tls\TlsHandshake13.h">
      <Filter>Header Files\tls</Filter>
    </ClInclude>
    <ClInclude Include="..\..\include\KernelHttp\tls\TlsRecord.h">
      <Filter>Header Files\tls</Filter>
    </ClInclude>
    <ClInclude Include="..\..\include\KernelHttp\websocket\WebSocketFrame.h">
      <Filter>Header Files\websocket</Filter>
    </ClInclude>
  </ItemGroup>
</Project>
